// !$*UTF8*$!
{
	archiveVersion = 1;
	classes = {
	};
	objectVersion = 51;
	objects = {

/* Begin PBXBuildFile section */
		09214FD30DFF037BCBE2C40D /* Pods_Licenta.framework in Frameworks */ = {isa = PBXBuildFile; fileRef = E43701D6C87E5DB669F681A1 /* Pods_Licenta.framework */; };
		953744212DC57EAC0030A649 /* GoalsView.swift in Sources */ = {isa = PBXBuildFile; fileRef = 953744202DC57EAC0030A649 /* GoalsView.swift */; };
		9537442E2DC5876A0030A649 /* AccountDetailsView.swift in Sources */ = {isa = PBXBuildFile; fileRef = 9537442D2DC5876A0030A649 /* AccountDetailsView.swift */; };
		9546AEE72D921FA200ED8BD8 /* AppDelegate.swift in Sources */ = {isa = PBXBuildFile; fileRef = 9546AEE62D921FA200ED8BD8 /* AppDelegate.swift */; };
		9546AEE92D921FA200ED8BD8 /* SceneDelegate.swift in Sources */ = {isa = PBXBuildFile; fileRef = 9546AEE82D921FA200ED8BD8 /* SceneDelegate.swift */; };
		9546AEEE2D921FA200ED8BD8 /* Main.storyboard in Resources */ = {isa = PBXBuildFile; fileRef = 9546AEEC2D921FA200ED8BD8 /* Main.storyboard */; };
		9546AEF12D921FA200ED8BD8 /* Licenta.xcdatamodeld in Sources */ = {isa = PBXBuildFile; fileRef = 9546AEEF2D921FA200ED8BD8 /* Licenta.xcdatamodeld */; };
		9546AEF32D921FA500ED8BD8 /* Assets.xcassets in Resources */ = {isa = PBXBuildFile; fileRef = 9546AEF22D921FA500ED8BD8 /* Assets.xcassets */; };
		9546AEF62D921FA500ED8BD8 /* LaunchScreen.storyboard in Resources */ = {isa = PBXBuildFile; fileRef = 9546AEF42D921FA500ED8BD8 /* LaunchScreen.storyboard */; };
		9546AF012D921FA600ED8BD8 /* LicentaTests.swift in Sources */ = {isa = PBXBuildFile; fileRef = 9546AF002D921FA600ED8BD8 /* LicentaTests.swift */; };
		9546AF0C2D921FA600ED8BD8 /* LicentaUITests.swift in Sources */ = {isa = PBXBuildFile; fileRef = 9546AF0B2D921FA600ED8BD8 /* LicentaUITests.swift */; };
		9568E6E62DC4566F00AE695F /* GenderButton.swift in Sources */ = {isa = PBXBuildFile; fileRef = 9568E6E52DC4566F00AE695F /* GenderButton.swift */; };
		9568E6EB2DC4587400AE695F /* HeightSelectionView.swift in Sources */ = {isa = PBXBuildFile; fileRef = 9568E6EA2DC4587400AE695F /* HeightSelectionView.swift */; };
		9568E6F02DC4618F00AE695F /* ExerciseOptionCell.swift in Sources */ = {isa = PBXBuildFile; fileRef = 9568E6EF2DC4618F00AE695F /* ExerciseOptionCell.swift */; };
		9568E6F52DC4655A00AE695F /* FitnessLevelView.swift in Sources */ = {isa = PBXBuildFile; fileRef = 9568E6F42DC4655A00AE695F /* FitnessLevelView.swift */; };
		9568E6FA2DC465C100AE695F /* FitnessLevelOptionView.swift in Sources */ = {isa = PBXBuildFile; fileRef = 9568E6F92DC465C100AE695F /* FitnessLevelOptionView.swift */; };
		9583DDA02DB9777A00472800 /* CreateAccountModel.swift in Sources */ = {isa = PBXBuildFile; fileRef = 9583DD9F2DB9777A00472800 /* CreateAccountModel.swift */; };
		9583DDB02DB977D100472800 /* CreateAccountViewModel.swift in Sources */ = {isa = PBXBuildFile; fileRef = 9583DDAF2DB977D100472800 /* CreateAccountViewModel.swift */; };
		9583DDB52DB9781200472800 /* CreateAccountViewController.swift in Sources */ = {isa = PBXBuildFile; fileRef = 9583DDB42DB9781200472800 /* CreateAccountViewController.swift */; };
		9583DDC72DB97E3400472800 /* SettingsModel.swift in Sources */ = {isa = PBXBuildFile; fileRef = 9583DDC62DB97E3400472800 /* SettingsModel.swift */; };
		9583DDD02DB97E7C00472800 /* SettingsViewModel.swift in Sources */ = {isa = PBXBuildFile; fileRef = 9583DDCF2DB97E7C00472800 /* SettingsViewModel.swift */; };
		9583DDE52DB981BA00472800 /* NotificationModel.swift in Sources */ = {isa = PBXBuildFile; fileRef = 9583DDE42DB981BA00472800 /* NotificationModel.swift */; };
		9583DDED2DB981DA00472800 /* NotificationViewModel.swift in Sources */ = {isa = PBXBuildFile; fileRef = 9583DDEC2DB981DA00472800 /* NotificationViewModel.swift */; };
		9583DE022DB9836B00472800 /* AccountSettingsModel.swift in Sources */ = {isa = PBXBuildFile; fileRef = 9583DE012DB9836B00472800 /* AccountSettingsModel.swift */; };
		9583DE0A2DB983AA00472800 /* AccountSettingsViewModel.swift in Sources */ = {isa = PBXBuildFile; fileRef = 9583DE092DB983AA00472800 /* AccountSettingsViewModel.swift */; };
		9583DE1F2DB9872D00472800 /* FitnessProfileModel.swift in Sources */ = {isa = PBXBuildFile; fileRef = 9583DE1E2DB9872D00472800 /* FitnessProfileModel.swift */; };
		9583DE282DB9874D00472800 /* FitnessProfileViewModel.swift in Sources */ = {isa = PBXBuildFile; fileRef = 9583DE272DB9874D00472800 /* FitnessProfileViewModel.swift */; };
		95EA0CCC2D94A8E400C707C4 /* SettingsViewController.swift in Sources */ = {isa = PBXBuildFile; fileRef = 95EA0CCB2D94A8E400C707C4 /* SettingsViewController.swift */; };
		95EA0CD12D94AF6C00C707C4 /* NotificationViewController.swift in Sources */ = {isa = PBXBuildFile; fileRef = 95EA0CD02D94AF6C00C707C4 /* NotificationViewController.swift */; };
		95EA0CD62D94B2B700C707C4 /* FitnessProfileViewController.swift in Sources */ = {isa = PBXBuildFile; fileRef = 95EA0CD52D94B2B700C707C4 /* FitnessProfileViewController.swift */; };
		95EA0D042D9883AD00C707C4 /* ExercisesMax.swift in Sources */ = {isa = PBXBuildFile; fileRef = 95EA0D032D9883AD00C707C4 /* ExercisesMax.swift */; };
		95EA0D0F2D989F0B00C707C4 /* GenderSelectionView.swift in Sources */ = {isa = PBXBuildFile; fileRef = 95EA0D0E2D989F0B00C707C4 /* GenderSelectionView.swift */; };
		95EA0D182D98A19400C707C4 /* AccountSettingsViewController.swift in Sources */ = {isa = PBXBuildFile; fileRef = 95EA0D172D98A19400C707C4 /* AccountSettingsViewController.swift */; };
/* End PBXBuildFile section */

/* Begin PBXContainerItemProxy section */
		9546AEFD2D921FA600ED8BD8 /* PBXContainerItemProxy */ = {
			isa = PBXContainerItemProxy;
			containerPortal = 9546AEDB2D921FA200ED8BD8 /* Project object */;
			proxyType = 1;
			remoteGlobalIDString = 9546AEE22D921FA200ED8BD8;
			remoteInfo = Licenta;
		};
		9546AF082D921FA600ED8BD8 /* PBXContainerItemProxy */ = {
			isa = PBXContainerItemProxy;
			containerPortal = 9546AEDB2D921FA200ED8BD8 /* Project object */;
			proxyType = 1;
			remoteGlobalIDString = 9546AEE22D921FA200ED8BD8;
			remoteInfo = Licenta;
		};
/* End PBXContainerItemProxy section */

/* Begin PBXFileReference section */
		1E14F23369F6ECCCB35C40FC /* Pods-LicentaUITests.release.xcconfig */ = {isa = PBXFileReference; includeInIndex = 1; lastKnownFileType = text.xcconfig; name = "Pods-LicentaUITests.release.xcconfig"; path = "Target Support Files/Pods-LicentaUITests/Pods-LicentaUITests.release.xcconfig"; sourceTree = "<group>"; };
		5E0AA061716468959B7CE00B /* Pods-Licenta.debug.xcconfig */ = {isa = PBXFileReference; includeInIndex = 1; lastKnownFileType = text.xcconfig; name = "Pods-Licenta.debug.xcconfig"; path = "Target Support Files/Pods-Licenta/Pods-Licenta.debug.xcconfig"; sourceTree = "<group>"; };
		953744202DC57EAC0030A649 /* GoalsView.swift */ = {isa = PBXFileReference; lastKnownFileType = sourcecode.swift; path = GoalsView.swift; sourceTree = "<group>"; };
		9537442D2DC5876A0030A649 /* AccountDetailsView.swift */ = {isa = PBXFileReference; lastKnownFileType = sourcecode.swift; path = AccountDetailsView.swift; sourceTree = "<group>"; };
		9546AEE32D921FA200ED8BD8 /* Licenta.app */ = {isa = PBXFileReference; explicitFileType = wrapper.application; includeInIndex = 0; path = Licenta.app; sourceTree = BUILT_PRODUCTS_DIR; };
		9546AEE62D921FA200ED8BD8 /* AppDelegate.swift */ = {isa = PBXFileReference; lastKnownFileType = sourcecode.swift; path = AppDelegate.swift; sourceTree = "<group>"; };
		9546AEE82D921FA200ED8BD8 /* SceneDelegate.swift */ = {isa = PBXFileReference; lastKnownFileType = sourcecode.swift; path = SceneDelegate.swift; sourceTree = "<group>"; };
		9546AEED2D921FA200ED8BD8 /* Base */ = {isa = PBXFileReference; lastKnownFileType = file.storyboard; name = Base; path = Base.lproj/Main.storyboard; sourceTree = "<group>"; };
		9546AEF02D921FA200ED8BD8 /* Licenta.xcdatamodel */ = {isa = PBXFileReference; lastKnownFileType = wrapper.xcdatamodel; path = Licenta.xcdatamodel; sourceTree = "<group>"; };
		9546AEF22D921FA500ED8BD8 /* Assets.xcassets */ = {isa = PBXFileReference; lastKnownFileType = folder.assetcatalog; path = Assets.xcassets; sourceTree = "<group>"; };
		9546AEF52D921FA500ED8BD8 /* Base */ = {isa = PBXFileReference; lastKnownFileType = file.storyboard; name = Base; path = Base.lproj/LaunchScreen.storyboard; sourceTree = "<group>"; };
		9546AEF72D921FA500ED8BD8 /* Info.plist */ = {isa = PBXFileReference; lastKnownFileType = text.plist.xml; path = Info.plist; sourceTree = "<group>"; };
		9546AEFC2D921FA600ED8BD8 /* LicentaTests.xctest */ = {isa = PBXFileReference; explicitFileType = wrapper.cfbundle; includeInIndex = 0; path = LicentaTests.xctest; sourceTree = BUILT_PRODUCTS_DIR; };
		9546AF002D921FA600ED8BD8 /* LicentaTests.swift */ = {isa = PBXFileReference; lastKnownFileType = sourcecode.swift; path = LicentaTests.swift; sourceTree = "<group>"; };
		9546AF022D921FA600ED8BD8 /* Info.plist */ = {isa = PBXFileReference; lastKnownFileType = text.plist.xml; path = Info.plist; sourceTree = "<group>"; };
		9546AF072D921FA600ED8BD8 /* LicentaUITests.xctest */ = {isa = PBXFileReference; explicitFileType = wrapper.cfbundle; includeInIndex = 0; path = LicentaUITests.xctest; sourceTree = BUILT_PRODUCTS_DIR; };
		9546AF0B2D921FA600ED8BD8 /* LicentaUITests.swift */ = {isa = PBXFileReference; lastKnownFileType = sourcecode.swift; path = LicentaUITests.swift; sourceTree = "<group>"; };
		9546AF0D2D921FA600ED8BD8 /* Info.plist */ = {isa = PBXFileReference; lastKnownFileType = text.plist.xml; path = Info.plist; sourceTree = "<group>"; };
		9568E6E52DC4566F00AE695F /* GenderButton.swift */ = {isa = PBXFileReference; lastKnownFileType = sourcecode.swift; path = GenderButton.swift; sourceTree = "<group>"; };
		9568E6EA2DC4587400AE695F /* HeightSelectionView.swift */ = {isa = PBXFileReference; lastKnownFileType = sourcecode.swift; path = HeightSelectionView.swift; sourceTree = "<group>"; };
		9568E6EF2DC4618F00AE695F /* ExerciseOptionCell.swift */ = {isa = PBXFileReference; lastKnownFileType = sourcecode.swift; path = ExerciseOptionCell.swift; sourceTree = "<group>"; };
		9568E6F42DC4655A00AE695F /* FitnessLevelView.swift */ = {isa = PBXFileReference; lastKnownFileType = sourcecode.swift; path = FitnessLevelView.swift; sourceTree = "<group>"; };
		9568E6F92DC465C100AE695F /* FitnessLevelOptionView.swift */ = {isa = PBXFileReference; lastKnownFileType = sourcecode.swift; path = FitnessLevelOptionView.swift; sourceTree = "<group>"; };
		9583DD9F2DB9777A00472800 /* CreateAccountModel.swift */ = {isa = PBXFileReference; lastKnownFileType = sourcecode.swift; path = CreateAccountModel.swift; sourceTree = "<group>"; };
		9583DDAF2DB977D100472800 /* CreateAccountViewModel.swift */ = {isa = PBXFileReference; lastKnownFileType = sourcecode.swift; path = CreateAccountViewModel.swift; sourceTree = "<group>"; };
		9583DDB42DB9781200472800 /* CreateAccountViewController.swift */ = {isa = PBXFileReference; lastKnownFileType = sourcecode.swift; path = CreateAccountViewController.swift; sourceTree = "<group>"; };
		9583DDC62DB97E3400472800 /* SettingsModel.swift */ = {isa = PBXFileReference; lastKnownFileType = sourcecode.swift; path = SettingsModel.swift; sourceTree = "<group>"; };
		9583DDCF2DB97E7C00472800 /* SettingsViewModel.swift */ = {isa = PBXFileReference; lastKnownFileType = sourcecode.swift; path = SettingsViewModel.swift; sourceTree = "<group>"; };
		9583DDE42DB981BA00472800 /* NotificationModel.swift */ = {isa = PBXFileReference; lastKnownFileType = sourcecode.swift; path = NotificationModel.swift; sourceTree = "<group>"; };
		9583DDEC2DB981DA00472800 /* NotificationViewModel.swift */ = {isa = PBXFileReference; lastKnownFileType = sourcecode.swift; path = NotificationViewModel.swift; sourceTree = "<group>"; };
		9583DE012DB9836B00472800 /* AccountSettingsModel.swift */ = {isa = PBXFileReference; lastKnownFileType = sourcecode.swift; path = AccountSettingsModel.swift; sourceTree = "<group>"; };
		9583DE092DB983AA00472800 /* AccountSettingsViewModel.swift */ = {isa = PBXFileReference; lastKnownFileType = sourcecode.swift; path = AccountSettingsViewModel.swift; sourceTree = "<group>"; };
		9583DE1E2DB9872D00472800 /* FitnessProfileModel.swift */ = {isa = PBXFileReference; lastKnownFileType = sourcecode.swift; path = FitnessProfileModel.swift; sourceTree = "<group>"; };
		9583DE272DB9874D00472800 /* FitnessProfileViewModel.swift */ = {isa = PBXFileReference; lastKnownFileType = sourcecode.swift; path = FitnessProfileViewModel.swift; sourceTree = "<group>"; };
		95EA0CCB2D94A8E400C707C4 /* SettingsViewController.swift */ = {isa = PBXFileReference; lastKnownFileType = sourcecode.swift; path = SettingsViewController.swift; sourceTree = "<group>"; };
		95EA0CD02D94AF6C00C707C4 /* NotificationViewController.swift */ = {isa = PBXFileReference; lastKnownFileType = sourcecode.swift; path = NotificationViewController.swift; sourceTree = "<group>"; };
		95EA0CD52D94B2B700C707C4 /* FitnessProfileViewController.swift */ = {isa = PBXFileReference; lastKnownFileType = sourcecode.swift; path = FitnessProfileViewController.swift; sourceTree = "<group>"; };
		95EA0D032D9883AD00C707C4 /* ExercisesMax.swift */ = {isa = PBXFileReference; lastKnownFileType = sourcecode.swift; path = ExercisesMax.swift; sourceTree = "<group>"; };
		95EA0D0E2D989F0B00C707C4 /* GenderSelectionView.swift */ = {isa = PBXFileReference; lastKnownFileType = sourcecode.swift; path = GenderSelectionView.swift; sourceTree = "<group>"; };
		95EA0D172D98A19400C707C4 /* AccountSettingsViewController.swift */ = {isa = PBXFileReference; lastKnownFileType = sourcecode.swift; path = AccountSettingsViewController.swift; sourceTree = "<group>"; };
		9F04E6104BD0B7E920AA3726 /* Pods-Licenta.release.xcconfig */ = {isa = PBXFileReference; includeInIndex = 1; lastKnownFileType = text.xcconfig; name = "Pods-Licenta.release.xcconfig"; path = "Target Support Files/Pods-Licenta/Pods-Licenta.release.xcconfig"; sourceTree = "<group>"; };
		E43701D6C87E5DB669F681A1 /* Pods_Licenta.framework */ = {isa = PBXFileReference; explicitFileType = wrapper.framework; includeInIndex = 0; path = Pods_Licenta.framework; sourceTree = BUILT_PRODUCTS_DIR; };
		E85EBE8379CB1989433AAFDC /* Pods-LicentaUITests.debug.xcconfig */ = {isa = PBXFileReference; includeInIndex = 1; lastKnownFileType = text.xcconfig; name = "Pods-LicentaUITests.debug.xcconfig"; path = "Target Support Files/Pods-LicentaUITests/Pods-LicentaUITests.debug.xcconfig"; sourceTree = "<group>"; };
/* End PBXFileReference section */

/* Begin PBXFrameworksBuildPhase section */
		9546AEE02D921FA200ED8BD8 /* Frameworks */ = {
			isa = PBXFrameworksBuildPhase;
			buildActionMask = 2147483647;
			files = (
				09214FD30DFF037BCBE2C40D /* Pods_Licenta.framework in Frameworks */,
			);
			runOnlyForDeploymentPostprocessing = 0;
		};
		9546AEF92D921FA600ED8BD8 /* Frameworks */ = {
			isa = PBXFrameworksBuildPhase;
			buildActionMask = 2147483647;
			files = (
			);
			runOnlyForDeploymentPostprocessing = 0;
		};
		9546AF042D921FA600ED8BD8 /* Frameworks */ = {
			isa = PBXFrameworksBuildPhase;
			buildActionMask = 2147483647;
			files = (
			);
			runOnlyForDeploymentPostprocessing = 0;
		};
/* End PBXFrameworksBuildPhase section */

/* Begin PBXGroup section */
		9546AEDA2D921FA200ED8BD8 = {
			isa = PBXGroup;
			children = (
				9546AEE52D921FA200ED8BD8 /* Licenta */,
				9546AEFF2D921FA600ED8BD8 /* LicentaTests */,
				9546AF0A2D921FA600ED8BD8 /* LicentaUITests */,
				9546AEE42D921FA200ED8BD8 /* Products */,
				E8464012D224926132AAC9F1 /* Pods */,
				C2670F9AAE339E70F612F114 /* Frameworks */,
			);
			sourceTree = "<group>";
		};
		9546AEE42D921FA200ED8BD8 /* Products */ = {
			isa = PBXGroup;
			children = (
				9546AEE32D921FA200ED8BD8 /* Licenta.app */,
				9546AEFC2D921FA600ED8BD8 /* LicentaTests.xctest */,
				9546AF072D921FA600ED8BD8 /* LicentaUITests.xctest */,
			);
			name = Products;
			sourceTree = "<group>";
		};
		9546AEE52D921FA200ED8BD8 /* Licenta */ = {
			isa = PBXGroup;
			children = (
				95EA0D162D98A17A00C707C4 /* AccountSettings */,
				9546AEF72D921FA500ED8BD8 /* Info.plist */,
				95EA0CDF2D94BB9500C707C4 /* App */,
				95EA0CE92D94BC0D00C707C4 /* Autentification */,
				9583DDDD2DB9815B00472800 /* Notifications */,
				95EA0CE12D94BBE100C707C4 /* Settings */,
				95EA0CE22D94BBF600C707C4 /* FitnessProfile */,
				95EA0CE02D94BBB000C707C4 /* Resources */,
				95EA0CEB2D94BC4400C707C4 /* Models */,
			);
			path = Licenta;
			sourceTree = "<group>";
		};
		9546AEFF2D921FA600ED8BD8 /* LicentaTests */ = {
			isa = PBXGroup;
			children = (
				9546AF002D921FA600ED8BD8 /* LicentaTests.swift */,
				9546AF022D921FA600ED8BD8 /* Info.plist */,
			);
			path = LicentaTests;
			sourceTree = "<group>";
		};
		9546AF0A2D921FA600ED8BD8 /* LicentaUITests */ = {
			isa = PBXGroup;
			children = (
				9546AF0B2D921FA600ED8BD8 /* LicentaUITests.swift */,
				9546AF0D2D921FA600ED8BD8 /* Info.plist */,
			);
			path = LicentaUITests;
			sourceTree = "<group>";
		};
		9583DDB92DB97A1C00472800 /* Model */ = {
			isa = PBXGroup;
			children = (
				9583DD9F2DB9777A00472800 /* CreateAccountModel.swift */,
			);
			path = Model;
			sourceTree = "<group>";
		};
		9583DDBD2DB97A2E00472800 /* View */ = {
			isa = PBXGroup;
			children = (
				95EA0D032D9883AD00C707C4 /* ExercisesMax.swift */,
				9568E6EF2DC4618F00AE695F /* ExerciseOptionCell.swift */,
				953744202DC57EAC0030A649 /* GoalsView.swift */,
				9537442D2DC5876A0030A649 /* AccountDetailsView.swift */,
				95EA0D0E2D989F0B00C707C4 /* GenderSelectionView.swift */,
				9583DDB42DB9781200472800 /* CreateAccountViewController.swift */,
				9568E6E52DC4566F00AE695F /* GenderButton.swift */,
				9568E6EA2DC4587400AE695F /* HeightSelectionView.swift */,
				9568E6F42DC4655A00AE695F /* FitnessLevelView.swift */,
				9568E6F92DC465C100AE695F /* FitnessLevelOptionView.swift */,
			);
			path = View;
			sourceTree = "<group>";
		};
		9583DDBE2DB97A3C00472800 /* ViewModel */ = {
			isa = PBXGroup;
			children = (
				9583DDAF2DB977D100472800 /* CreateAccountViewModel.swift */,
			);
			path = ViewModel;
			sourceTree = "<group>";
		};
		9583DDC52DB97E2400472800 /* Model */ = {
			isa = PBXGroup;
			children = (
				9583DDC62DB97E3400472800 /* SettingsModel.swift */,
			);
			path = Model;
			sourceTree = "<group>";
		};
		9583DDCE2DB97E6100472800 /* ViewModel */ = {
			isa = PBXGroup;
			children = (
				9583DDCF2DB97E7C00472800 /* SettingsViewModel.swift */,
			);
			path = ViewModel;
			sourceTree = "<group>";
		};
		9583DDD42DB97EBC00472800 /* View */ = {
			isa = PBXGroup;
			children = (
				95EA0CCB2D94A8E400C707C4 /* SettingsViewController.swift */,
			);
			path = View;
			sourceTree = "<group>";
		};
		9583DDDD2DB9815B00472800 /* Notifications */ = {
			isa = PBXGroup;
			children = (
				9583DDE32DB9817D00472800 /* ViewModel */,
				9583DDE22DB9817800472800 /* View */,
				9583DDE12DB9816B00472800 /* Model */,
			);
			path = Notifications;
			sourceTree = "<group>";
		};
		9583DDE12DB9816B00472800 /* Model */ = {
			isa = PBXGroup;
			children = (
				9583DDE42DB981BA00472800 /* NotificationModel.swift */,
			);
			path = Model;
			sourceTree = "<group>";
		};
		9583DDE22DB9817800472800 /* View */ = {
			isa = PBXGroup;
			children = (
				95EA0CD02D94AF6C00C707C4 /* NotificationViewController.swift */,
			);
			path = View;
			sourceTree = "<group>";
		};
		9583DDE32DB9817D00472800 /* ViewModel */ = {
			isa = PBXGroup;
			children = (
				9583DDEC2DB981DA00472800 /* NotificationViewModel.swift */,
			);
			path = ViewModel;
			sourceTree = "<group>";
		};
		9583DDF82DB9833A00472800 /* View */ = {
			isa = PBXGroup;
			children = (
				95EA0D172D98A19400C707C4 /* AccountSettingsViewController.swift */,
			);
			path = View;
			sourceTree = "<group>";
		};
		9583DDFC2DB9834500472800 /* Model */ = {
			isa = PBXGroup;
			children = (
				9583DE012DB9836B00472800 /* AccountSettingsModel.swift */,
			);
			path = Model;
			sourceTree = "<group>";
		};
		9583DDFD2DB9834A00472800 /* ViewModel */ = {
			isa = PBXGroup;
			children = (
				9583DE092DB983AA00472800 /* AccountSettingsViewModel.swift */,
			);
			path = ViewModel;
			sourceTree = "<group>";
		};
		9583DE172DB986FC00472800 /* View */ = {
			isa = PBXGroup;
			children = (
				95EA0CD52D94B2B700C707C4 /* FitnessProfileViewController.swift */,
			);
			path = View;
			sourceTree = "<group>";
		};
		9583DE1B2DB9870300472800 /* Model */ = {
			isa = PBXGroup;
			children = (
				9583DE1E2DB9872D00472800 /* FitnessProfileModel.swift */,
			);
			path = Model;
			sourceTree = "<group>";
		};
		9583DE1C2DB9870A00472800 /* ViewModel */ = {
			isa = PBXGroup;
			children = (
				9583DE272DB9874D00472800 /* FitnessProfileViewModel.swift */,
			);
			path = ViewModel;
			sourceTree = "<group>";
		};
		95EA0CDF2D94BB9500C707C4 /* App */ = {
			isa = PBXGroup;
			children = (
				9546AEE62D921FA200ED8BD8 /* AppDelegate.swift */,
				9546AEE82D921FA200ED8BD8 /* SceneDelegate.swift */,
			);
			path = App;
			sourceTree = "<group>";
		};
		95EA0CE02D94BBB000C707C4 /* Resources */ = {
			isa = PBXGroup;
			children = (
				9546AEF42D921FA500ED8BD8 /* LaunchScreen.storyboard */,
				9546AEEC2D921FA200ED8BD8 /* Main.storyboard */,
				9546AEF22D921FA500ED8BD8 /* Assets.xcassets */,
			);
			path = Resources;
			sourceTree = "<group>";
		};
		95EA0CE12D94BBE100C707C4 /* Settings */ = {
			isa = PBXGroup;
			children = (
				9583DDCE2DB97E6100472800 /* ViewModel */,
				9583DDC52DB97E2400472800 /* Model */,
				9583DDD42DB97EBC00472800 /* View */,
			);
			path = Settings;
			sourceTree = "<group>";
		};
		95EA0CE22D94BBF600C707C4 /* FitnessProfile */ = {
			isa = PBXGroup;
			children = (
				9583DE1C2DB9870A00472800 /* ViewModel */,
				9583DE1B2DB9870300472800 /* Model */,
				9583DE172DB986FC00472800 /* View */,
			);
			path = FitnessProfile;
			sourceTree = "<group>";
		};
		95EA0CE92D94BC0D00C707C4 /* Autentification */ = {
			isa = PBXGroup;
			children = (
				9583DDBD2DB97A2E00472800 /* View */,
				9583DDB92DB97A1C00472800 /* Model */,
				9583DDBE2DB97A3C00472800 /* ViewModel */,
			);
			path = Autentification;
			sourceTree = "<group>";
		};
		95EA0CEB2D94BC4400C707C4 /* Models */ = {
			isa = PBXGroup;
			children = (
				9546AEEF2D921FA200ED8BD8 /* Licenta.xcdatamodeld */,
			);
			path = Models;
			sourceTree = "<group>";
		};
		95EA0D162D98A17A00C707C4 /* AccountSettings */ = {
			isa = PBXGroup;
			children = (
				9583DDFD2DB9834A00472800 /* ViewModel */,
				9583DDFC2DB9834500472800 /* Model */,
				9583DDF82DB9833A00472800 /* View */,
			);
			path = AccountSettings;
			sourceTree = "<group>";
		};
		C2670F9AAE339E70F612F114 /* Frameworks */ = {
			isa = PBXGroup;
			children = (
				E43701D6C87E5DB669F681A1 /* Pods_Licenta.framework */,
			);
			name = Frameworks;
			sourceTree = "<group>";
		};
		E8464012D224926132AAC9F1 /* Pods */ = {
			isa = PBXGroup;
			children = (
				5E0AA061716468959B7CE00B /* Pods-Licenta.debug.xcconfig */,
				9F04E6104BD0B7E920AA3726 /* Pods-Licenta.release.xcconfig */,
				E85EBE8379CB1989433AAFDC /* Pods-LicentaUITests.debug.xcconfig */,
				1E14F23369F6ECCCB35C40FC /* Pods-LicentaUITests.release.xcconfig */,
			);
			path = Pods;
			sourceTree = "<group>";
		};
/* End PBXGroup section */

/* Begin PBXNativeTarget section */
		9546AEE22D921FA200ED8BD8 /* Licenta */ = {
			isa = PBXNativeTarget;
			buildConfigurationList = 9546AF102D921FA600ED8BD8 /* Build configuration list for PBXNativeTarget "Licenta" */;
			buildPhases = (
				A24A8A5EB57F813227C323EE /* [CP] Check Pods Manifest.lock */,
				9546AEDF2D921FA200ED8BD8 /* Sources */,
				9546AEE02D921FA200ED8BD8 /* Frameworks */,
				9546AEE12D921FA200ED8BD8 /* Resources */,
				3EE31D0AF7D0A661DBE011B2 /* [CP] Embed Pods Frameworks */,
			);
			buildRules = (
			);
			dependencies = (
			);
			name = Licenta;
			productName = Licenta;
			productReference = 9546AEE32D921FA200ED8BD8 /* Licenta.app */;
			productType = "com.apple.product-type.application";
		};
		9546AEFB2D921FA600ED8BD8 /* LicentaTests */ = {
			isa = PBXNativeTarget;
			buildConfigurationList = 9546AF132D921FA600ED8BD8 /* Build configuration list for PBXNativeTarget "LicentaTests" */;
			buildPhases = (
				9546AEF82D921FA600ED8BD8 /* Sources */,
				9546AEF92D921FA600ED8BD8 /* Frameworks */,
				9546AEFA2D921FA600ED8BD8 /* Resources */,
			);
			buildRules = (
			);
			dependencies = (
				9546AEFE2D921FA600ED8BD8 /* PBXTargetDependency */,
			);
			name = LicentaTests;
			productName = LicentaTests;
			productReference = 9546AEFC2D921FA600ED8BD8 /* LicentaTests.xctest */;
			productType = "com.apple.product-type.bundle.unit-test";
		};
		9546AF062D921FA600ED8BD8 /* LicentaUITests */ = {
			isa = PBXNativeTarget;
			buildConfigurationList = 9546AF162D921FA600ED8BD8 /* Build configuration list for PBXNativeTarget "LicentaUITests" */;
			buildPhases = (
				9546AF032D921FA600ED8BD8 /* Sources */,
				9546AF042D921FA600ED8BD8 /* Frameworks */,
				9546AF052D921FA600ED8BD8 /* Resources */,
			);
			buildRules = (
			);
			dependencies = (
				9546AF092D921FA600ED8BD8 /* PBXTargetDependency */,
			);
			name = LicentaUITests;
			productName = LicentaUITests;
			productReference = 9546AF072D921FA600ED8BD8 /* LicentaUITests.xctest */;
			productType = "com.apple.product-type.bundle.ui-testing";
		};
/* End PBXNativeTarget section */

/* Begin PBXProject section */
		9546AEDB2D921FA200ED8BD8 /* Project object */ = {
			isa = PBXProject;
			attributes = {
				LastSwiftUpdateCheck = 1240;
				LastUpgradeCheck = 1240;
				TargetAttributes = {
					9546AEE22D921FA200ED8BD8 = {
						CreatedOnToolsVersion = 12.4;
					};
					9546AEFB2D921FA600ED8BD8 = {
						CreatedOnToolsVersion = 12.4;
						TestTargetID = 9546AEE22D921FA200ED8BD8;
					};
					9546AF062D921FA600ED8BD8 = {
						CreatedOnToolsVersion = 12.4;
						TestTargetID = 9546AEE22D921FA200ED8BD8;
					};
				};
			};
			buildConfigurationList = 9546AEDE2D921FA200ED8BD8 /* Build configuration list for PBXProject "Licenta" */;
			compatibilityVersion = "Xcode 9.3";
			developmentRegion = en;
			hasScannedForEncodings = 0;
			knownRegions = (
				en,
				Base,
			);
			mainGroup = 9546AEDA2D921FA200ED8BD8;
			productRefGroup = 9546AEE42D921FA200ED8BD8 /* Products */;
			projectDirPath = "";
			projectRoot = "";
			targets = (
				9546AEE22D921FA200ED8BD8 /* Licenta */,
				9546AEFB2D921FA600ED8BD8 /* LicentaTests */,
				9546AF062D921FA600ED8BD8 /* LicentaUITests */,
			);
		};
/* End PBXProject section */

/* Begin PBXResourcesBuildPhase section */
		9546AEE12D921FA200ED8BD8 /* Resources */ = {
			isa = PBXResourcesBuildPhase;
			buildActionMask = 2147483647;
			files = (
				9546AEF62D921FA500ED8BD8 /* LaunchScreen.storyboard in Resources */,
				9546AEF32D921FA500ED8BD8 /* Assets.xcassets in Resources */,
				9546AEEE2D921FA200ED8BD8 /* Main.storyboard in Resources */,
			);
			runOnlyForDeploymentPostprocessing = 0;
		};
		9546AEFA2D921FA600ED8BD8 /* Resources */ = {
			isa = PBXResourcesBuildPhase;
			buildActionMask = 2147483647;
			files = (
			);
			runOnlyForDeploymentPostprocessing = 0;
		};
		9546AF052D921FA600ED8BD8 /* Resources */ = {
			isa = PBXResourcesBuildPhase;
			buildActionMask = 2147483647;
			files = (
			);
			runOnlyForDeploymentPostprocessing = 0;
		};
/* End PBXResourcesBuildPhase section */

/* Begin PBXShellScriptBuildPhase section */
		3EE31D0AF7D0A661DBE011B2 /* [CP] Embed Pods Frameworks */ = {
			isa = PBXShellScriptBuildPhase;
			buildActionMask = 2147483647;
			files = (
			);
			inputFileListPaths = (
				"${PODS_ROOT}/Target Support Files/Pods-Licenta/Pods-Licenta-frameworks-${CONFIGURATION}-input-files.xcfilelist",
			);
			name = "[CP] Embed Pods Frameworks";
			outputFileListPaths = (
				"${PODS_ROOT}/Target Support Files/Pods-Licenta/Pods-Licenta-frameworks-${CONFIGURATION}-output-files.xcfilelist",
			);
			runOnlyForDeploymentPostprocessing = 0;
			shellPath = /bin/sh;
			shellScript = "\"${PODS_ROOT}/Target Support Files/Pods-Licenta/Pods-Licenta-frameworks.sh\"\n";
			showEnvVarsInLog = 0;
		};
		A24A8A5EB57F813227C323EE /* [CP] Check Pods Manifest.lock */ = {
			isa = PBXShellScriptBuildPhase;
			buildActionMask = 2147483647;
			files = (
			);
			inputFileListPaths = (
			);
			inputPaths = (
				"${PODS_PODFILE_DIR_PATH}/Podfile.lock",
				"${PODS_ROOT}/Manifest.lock",
			);
			name = "[CP] Check Pods Manifest.lock";
			outputFileListPaths = (
			);
			outputPaths = (
				"$(DERIVED_FILE_DIR)/Pods-Licenta-checkManifestLockResult.txt",
			);
			runOnlyForDeploymentPostprocessing = 0;
			shellPath = /bin/sh;
			shellScript = "diff \"${PODS_PODFILE_DIR_PATH}/Podfile.lock\" \"${PODS_ROOT}/Manifest.lock\" > /dev/null\nif [ $? != 0 ] ; then\n    # print error to STDERR\n    echo \"error: The sandbox is not in sync with the Podfile.lock. Run 'pod install' or update your CocoaPods installation.\" >&2\n    exit 1\nfi\n# This output is used by Xcode 'outputs' to avoid re-running this script phase.\necho \"SUCCESS\" > \"${SCRIPT_OUTPUT_FILE_0}\"\n";
			showEnvVarsInLog = 0;
		};
/* End PBXShellScriptBuildPhase section */

/* Begin PBXSourcesBuildPhase section */
		9546AEDF2D921FA200ED8BD8 /* Sources */ = {
			isa = PBXSourcesBuildPhase;
			buildActionMask = 2147483647;
			files = (
				9568E6F52DC4655A00AE695F /* FitnessLevelView.swift in Sources */,
				9546AEF12D921FA200ED8BD8 /* Licenta.xcdatamodeld in Sources */,
				95EA0CD12D94AF6C00C707C4 /* NotificationViewController.swift in Sources */,
				9583DDED2DB981DA00472800 /* NotificationViewModel.swift in Sources */,
				9568E6F02DC4618F00AE695F /* ExerciseOptionCell.swift in Sources */,
				9583DDA02DB9777A00472800 /* CreateAccountModel.swift in Sources */,
				9568E6EB2DC4587400AE695F /* HeightSelectionView.swift in Sources */,
				9583DDB02DB977D100472800 /* CreateAccountViewModel.swift in Sources */,
				9568E6FA2DC465C100AE695F /* FitnessLevelOptionView.swift in Sources */,
				9583DDD02DB97E7C00472800 /* SettingsViewModel.swift in Sources */,
				9583DE0A2DB983AA00472800 /* AccountSettingsViewModel.swift in Sources */,
				9583DE1F2DB9872D00472800 /* FitnessProfileModel.swift in Sources */,
				9583DDB52DB9781200472800 /* CreateAccountViewController.swift in Sources */,
				95EA0D0F2D989F0B00C707C4 /* GenderSelectionView.swift in Sources */,
				9546AEE72D921FA200ED8BD8 /* AppDelegate.swift in Sources */,
				9568E6E62DC4566F00AE695F /* GenderButton.swift in Sources */,
				9583DE022DB9836B00472800 /* AccountSettingsModel.swift in Sources */,
				95EA0D042D9883AD00C707C4 /* ExercisesMax.swift in Sources */,
				9583DE282DB9874D00472800 /* FitnessProfileViewModel.swift in Sources */,
				9583DDE52DB981BA00472800 /* NotificationModel.swift in Sources */,
				9537442E2DC5876A0030A649 /* AccountDetailsView.swift in Sources */,
				9546AEE92D921FA200ED8BD8 /* SceneDelegate.swift in Sources */,
				95EA0CD62D94B2B700C707C4 /* FitnessProfileViewController.swift in Sources */,
				95EA0CCC2D94A8E400C707C4 /* SettingsViewController.swift in Sources */,
				9583DDC72DB97E3400472800 /* SettingsModel.swift in Sources */,
				95EA0D182D98A19400C707C4 /* AccountSettingsViewController.swift in Sources */,
				953744212DC57EAC0030A649 /* GoalsView.swift in Sources */,
			);
			runOnlyForDeploymentPostprocessing = 0;
		};
		9546AEF82D921FA600ED8BD8 /* Sources */ = {
			isa = PBXSourcesBuildPhase;
			buildActionMask = 2147483647;
			files = (
				9546AF012D921FA600ED8BD8 /* LicentaTests.swift in Sources */,
			);
			runOnlyForDeploymentPostprocessing = 0;
		};
		9546AF032D921FA600ED8BD8 /* Sources */ = {
			isa = PBXSourcesBuildPhase;
			buildActionMask = 2147483647;
			files = (
				9546AF0C2D921FA600ED8BD8 /* LicentaUITests.swift in Sources */,
			);
			runOnlyForDeploymentPostprocessing = 0;
		};
/* End PBXSourcesBuildPhase section */

/* Begin PBXTargetDependency section */
		9546AEFE2D921FA600ED8BD8 /* PBXTargetDependency */ = {
			isa = PBXTargetDependency;
			target = 9546AEE22D921FA200ED8BD8 /* Licenta */;
			targetProxy = 9546AEFD2D921FA600ED8BD8 /* PBXContainerItemProxy */;
		};
		9546AF092D921FA600ED8BD8 /* PBXTargetDependency */ = {
			isa = PBXTargetDependency;
			target = 9546AEE22D921FA200ED8BD8 /* Licenta */;
			targetProxy = 9546AF082D921FA600ED8BD8 /* PBXContainerItemProxy */;
		};
/* End PBXTargetDependency section */

/* Begin PBXVariantGroup section */
		9546AEEC2D921FA200ED8BD8 /* Main.storyboard */ = {
			isa = PBXVariantGroup;
			children = (
				9546AEED2D921FA200ED8BD8 /* Base */,
			);
			name = Main.storyboard;
			sourceTree = "<group>";
		};
		9546AEF42D921FA500ED8BD8 /* LaunchScreen.storyboard */ = {
			isa = PBXVariantGroup;
			children = (
				9546AEF52D921FA500ED8BD8 /* Base */,
			);
			name = LaunchScreen.storyboard;
			sourceTree = "<group>";
		};
/* End PBXVariantGroup section */

/* Begin XCBuildConfiguration section */
		9546AF0E2D921FA600ED8BD8 /* Debug */ = {
			isa = XCBuildConfiguration;
			buildSettings = {
				ALWAYS_SEARCH_USER_PATHS = NO;
				CLANG_ANALYZER_NONNULL = YES;
				CLANG_ANALYZER_NUMBER_OBJECT_CONVERSION = YES_AGGRESSIVE;
				CLANG_CXX_LANGUAGE_STANDARD = "gnu++14";
				CLANG_CXX_LIBRARY = "libc++";
				CLANG_ENABLE_MODULES = YES;
				CLANG_ENABLE_OBJC_ARC = YES;
				CLANG_ENABLE_OBJC_WEAK = YES;
				CLANG_WARN_BLOCK_CAPTURE_AUTORELEASING = YES;
				CLANG_WARN_BOOL_CONVERSION = YES;
				CLANG_WARN_COMMA = YES;
				CLANG_WARN_CONSTANT_CONVERSION = YES;
				CLANG_WARN_DEPRECATED_OBJC_IMPLEMENTATIONS = YES;
				CLANG_WARN_DIRECT_OBJC_ISA_USAGE = YES_ERROR;
				CLANG_WARN_DOCUMENTATION_COMMENTS = YES;
				CLANG_WARN_EMPTY_BODY = YES;
				CLANG_WARN_ENUM_CONVERSION = YES;
				CLANG_WARN_INFINITE_RECURSION = YES;
				CLANG_WARN_INT_CONVERSION = YES;
				CLANG_WARN_NON_LITERAL_NULL_CONVERSION = YES;
				CLANG_WARN_OBJC_IMPLICIT_RETAIN_SELF = YES;
				CLANG_WARN_OBJC_LITERAL_CONVERSION = YES;
				CLANG_WARN_OBJC_ROOT_CLASS = YES_ERROR;
				CLANG_WARN_QUOTED_INCLUDE_IN_FRAMEWORK_HEADER = YES;
				CLANG_WARN_RANGE_LOOP_ANALYSIS = YES;
				CLANG_WARN_STRICT_PROTOTYPES = YES;
				CLANG_WARN_SUSPICIOUS_MOVE = YES;
				CLANG_WARN_UNGUARDED_AVAILABILITY = YES_AGGRESSIVE;
				CLANG_WARN_UNREACHABLE_CODE = YES;
				CLANG_WARN__DUPLICATE_METHOD_MATCH = YES;
				COPY_PHASE_STRIP = NO;
				DEBUG_INFORMATION_FORMAT = dwarf;
				ENABLE_STRICT_OBJC_MSGSEND = YES;
				ENABLE_TESTABILITY = YES;
				GCC_C_LANGUAGE_STANDARD = gnu11;
				GCC_DYNAMIC_NO_PIC = NO;
				GCC_NO_COMMON_BLOCKS = YES;
				GCC_OPTIMIZATION_LEVEL = 0;
				GCC_PREPROCESSOR_DEFINITIONS = (
					"DEBUG=1",
					"$(inherited)",
				);
				GCC_WARN_64_TO_32_BIT_CONVERSION = YES;
				GCC_WARN_ABOUT_RETURN_TYPE = YES_ERROR;
				GCC_WARN_UNDECLARED_SELECTOR = YES;
				GCC_WARN_UNINITIALIZED_AUTOS = YES_AGGRESSIVE;
				GCC_WARN_UNUSED_FUNCTION = YES;
				GCC_WARN_UNUSED_VARIABLE = YES;
				IPHONEOS_DEPLOYMENT_TARGET = 14.4;
				MTL_ENABLE_DEBUG_INFO = INCLUDE_SOURCE;
				MTL_FAST_MATH = YES;
				ONLY_ACTIVE_ARCH = YES;
				SDKROOT = iphoneos;
				SWIFT_ACTIVE_COMPILATION_CONDITIONS = DEBUG;
				SWIFT_OPTIMIZATION_LEVEL = "-Onone";
			};
			name = Debug;
		};
		9546AF0F2D921FA600ED8BD8 /* Release */ = {
			isa = XCBuildConfiguration;
			buildSettings = {
				ALWAYS_SEARCH_USER_PATHS = NO;
				CLANG_ANALYZER_NONNULL = YES;
				CLANG_ANALYZER_NUMBER_OBJECT_CONVERSION = YES_AGGRESSIVE;
				CLANG_CXX_LANGUAGE_STANDARD = "gnu++14";
				CLANG_CXX_LIBRARY = "libc++";
				CLANG_ENABLE_MODULES = YES;
				CLANG_ENABLE_OBJC_ARC = YES;
				CLANG_ENABLE_OBJC_WEAK = YES;
				CLANG_WARN_BLOCK_CAPTURE_AUTORELEASING = YES;
				CLANG_WARN_BOOL_CONVERSION = YES;
				CLANG_WARN_COMMA = YES;
				CLANG_WARN_CONSTANT_CONVERSION = YES;
				CLANG_WARN_DEPRECATED_OBJC_IMPLEMENTATIONS = YES;
				CLANG_WARN_DIRECT_OBJC_ISA_USAGE = YES_ERROR;
				CLANG_WARN_DOCUMENTATION_COMMENTS = YES;
				CLANG_WARN_EMPTY_BODY = YES;
				CLANG_WARN_ENUM_CONVERSION = YES;
				CLANG_WARN_INFINITE_RECURSION = YES;
				CLANG_WARN_INT_CONVERSION = YES;
				CLANG_WARN_NON_LITERAL_NULL_CONVERSION = YES;
				CLANG_WARN_OBJC_IMPLICIT_RETAIN_SELF = YES;
				CLANG_WARN_OBJC_LITERAL_CONVERSION = YES;
				CLANG_WARN_OBJC_ROOT_CLASS = YES_ERROR;
				CLANG_WARN_QUOTED_INCLUDE_IN_FRAMEWORK_HEADER = YES;
				CLANG_WARN_RANGE_LOOP_ANALYSIS = YES;
				CLANG_WARN_STRICT_PROTOTYPES = YES;
				CLANG_WARN_SUSPICIOUS_MOVE = YES;
				CLANG_WARN_UNGUARDED_AVAILABILITY = YES_AGGRESSIVE;
				CLANG_WARN_UNREACHABLE_CODE = YES;
				CLANG_WARN__DUPLICATE_METHOD_MATCH = YES;
				COPY_PHASE_STRIP = NO;
				DEBUG_INFORMATION_FORMAT = "dwarf-with-dsym";
				ENABLE_NS_ASSERTIONS = NO;
				ENABLE_STRICT_OBJC_MSGSEND = YES;
				GCC_C_LANGUAGE_STANDARD = gnu11;
				GCC_NO_COMMON_BLOCKS = YES;
				GCC_WARN_64_TO_32_BIT_CONVERSION = YES;
				GCC_WARN_ABOUT_RETURN_TYPE = YES_ERROR;
				GCC_WARN_UNDECLARED_SELECTOR = YES;
				GCC_WARN_UNINITIALIZED_AUTOS = YES_AGGRESSIVE;
				GCC_WARN_UNUSED_FUNCTION = YES;
				GCC_WARN_UNUSED_VARIABLE = YES;
				IPHONEOS_DEPLOYMENT_TARGET = 14.4;
				MTL_ENABLE_DEBUG_INFO = NO;
				MTL_FAST_MATH = YES;
				SDKROOT = iphoneos;
				SWIFT_COMPILATION_MODE = wholemodule;
				SWIFT_OPTIMIZATION_LEVEL = "-O";
				VALIDATE_PRODUCT = YES;
			};
			name = Release;
		};
		9546AF112D921FA600ED8BD8 /* Debug */ = {
			isa = XCBuildConfiguration;
			baseConfigurationReference = 5E0AA061716468959B7CE00B /* Pods-Licenta.debug.xcconfig */;
			buildSettings = {
				ASSETCATALOG_COMPILER_APPICON_NAME = AppIcon;
				ASSETCATALOG_COMPILER_GLOBAL_ACCENT_COLOR_NAME = AccentColor;
				CODE_SIGN_STYLE = Automatic;
				INFOPLIST_FILE = Licenta/Info.plist;
				LD_RUNPATH_SEARCH_PATHS = (
					"$(inherited)",
					"@executable_path/Frameworks",
				);
				PRODUCT_BUNDLE_IDENTIFIER = dev.rauhandrei.fitnessmonitor.Licenta;
				PRODUCT_NAME = "$(TARGET_NAME)";
				SWIFT_VERSION = 5.0;
				TARGETED_DEVICE_FAMILY = "1,2";
			};
			name = Debug;
		};
		9546AF122D921FA600ED8BD8 /* Release */ = {
			isa = XCBuildConfiguration;
			baseConfigurationReference = 9F04E6104BD0B7E920AA3726 /* Pods-Licenta.release.xcconfig */;
			buildSettings = {
				ASSETCATALOG_COMPILER_APPICON_NAME = AppIcon;
				ASSETCATALOG_COMPILER_GLOBAL_ACCENT_COLOR_NAME = AccentColor;
				CODE_SIGN_STYLE = Automatic;
				INFOPLIST_FILE = Licenta/Info.plist;
				LD_RUNPATH_SEARCH_PATHS = (
					"$(inherited)",
					"@executable_path/Frameworks",
				);
				PRODUCT_BUNDLE_IDENTIFIER = dev.rauhandrei.fitnessmonitor.Licenta;
				PRODUCT_NAME = "$(TARGET_NAME)";
				SWIFT_VERSION = 5.0;
				TARGETED_DEVICE_FAMILY = "1,2";
			};
			name = Release;
		};
		9546AF142D921FA600ED8BD8 /* Debug */ = {
			isa = XCBuildConfiguration;
			buildSettings = {
				ALWAYS_EMBED_SWIFT_STANDARD_LIBRARIES = YES;
				BUNDLE_LOADER = "$(TEST_HOST)";
				CODE_SIGN_STYLE = Automatic;
				INFOPLIST_FILE = LicentaTests/Info.plist;
				IPHONEOS_DEPLOYMENT_TARGET = 14.4;
				LD_RUNPATH_SEARCH_PATHS = (
					"$(inherited)",
					"@executable_path/Frameworks",
					"@loader_path/Frameworks",
				);
				PRODUCT_BUNDLE_IDENTIFIER = dev.rauhandrei.fitnessmonitor.LicentaTests;
				PRODUCT_NAME = "$(TARGET_NAME)";
				SWIFT_VERSION = 5.0;
				TARGETED_DEVICE_FAMILY = "1,2";
				TEST_HOST = "$(BUILT_PRODUCTS_DIR)/Licenta.app/Licenta";
			};
			name = Debug;
		};
		9546AF152D921FA600ED8BD8 /* Release */ = {
			isa = XCBuildConfiguration;
			buildSettings = {
				ALWAYS_EMBED_SWIFT_STANDARD_LIBRARIES = YES;
				BUNDLE_LOADER = "$(TEST_HOST)";
				CODE_SIGN_STYLE = Automatic;
				INFOPLIST_FILE = LicentaTests/Info.plist;
				IPHONEOS_DEPLOYMENT_TARGET = 14.4;
				LD_RUNPATH_SEARCH_PATHS = (
					"$(inherited)",
					"@executable_path/Frameworks",
					"@loader_path/Frameworks",
				);
				PRODUCT_BUNDLE_IDENTIFIER = dev.rauhandrei.fitnessmonitor.LicentaTests;
				PRODUCT_NAME = "$(TARGET_NAME)";
				SWIFT_VERSION = 5.0;
				TARGETED_DEVICE_FAMILY = "1,2";
				TEST_HOST = "$(BUILT_PRODUCTS_DIR)/Licenta.app/Licenta";
			};
			name = Release;
		};
		9546AF172D921FA600ED8BD8 /* Debug */ = {
			isa = XCBuildConfiguration;
			buildSettings = {
				ALWAYS_EMBED_SWIFT_STANDARD_LIBRARIES = YES;
				CODE_SIGN_STYLE = Automatic;
				INFOPLIST_FILE = LicentaUITests/Info.plist;
				LD_RUNPATH_SEARCH_PATHS = (
					"$(inherited)",
					"@executable_path/Frameworks",
					"@loader_path/Frameworks",
				);
				PRODUCT_BUNDLE_IDENTIFIER = dev.rauhandrei.fitnessmonitor.LicentaUITests;
				PRODUCT_NAME = "$(TARGET_NAME)";
				SWIFT_VERSION = 5.0;
				TARGETED_DEVICE_FAMILY = "1,2";
				TEST_TARGET_NAME = Licenta;
			};
			name = Debug;
		};
		9546AF182D921FA600ED8BD8 /* Release */ = {
			isa = XCBuildConfiguration;
			buildSettings = {
				ALWAYS_EMBED_SWIFT_STANDARD_LIBRARIES = YES;
				CODE_SIGN_STYLE = Automatic;
				INFOPLIST_FILE = LicentaUITests/Info.plist;
				LD_RUNPATH_SEARCH_PATHS = (
					"$(inherited)",
					"@executable_path/Frameworks",
					"@loader_path/Frameworks",
				);
				PRODUCT_BUNDLE_IDENTIFIER = dev.rauhandrei.fitnessmonitor.LicentaUITests;
				PRODUCT_NAME = "$(TARGET_NAME)";
				SWIFT_VERSION = 5.0;
				TARGETED_DEVICE_FAMILY = "1,2";
				TEST_TARGET_NAME = Licenta;
			};
			name = Release;
		};
/* End XCBuildConfiguration section */

/* Begin XCConfigurationList section */
		9546AEDE2D921FA200ED8BD8 /* Build configuration list for PBXProject "Licenta" */ = {
			isa = XCConfigurationList;
			buildConfigurations = (
				9546AF0E2D921FA600ED8BD8 /* Debug */,
				9546AF0F2D921FA600ED8BD8 /* Release */,
			);
			defaultConfigurationIsVisible = 0;
			defaultConfigurationName = Release;
		};
		9546AF102D921FA600ED8BD8 /* Build configuration list for PBXNativeTarget "Licenta" */ = {
			isa = XCConfigurationList;
			buildConfigurations = (
				9546AF112D921FA600ED8BD8 /* Debug */,
				9546AF122D921FA600ED8BD8 /* Release */,
			);
			defaultConfigurationIsVisible = 0;
			defaultConfigurationName = Release;
		};
		9546AF132D921FA600ED8BD8 /* Build configuration list for PBXNativeTarget "LicentaTests" */ = {
			isa = XCConfigurationList;
			buildConfigurations = (
				9546AF142D921FA600ED8BD8 /* Debug */,
				9546AF152D921FA600ED8BD8 /* Release */,
			);
			defaultConfigurationIsVisible = 0;
			defaultConfigurationName = Release;
		};
		9546AF162D921FA600ED8BD8 /* Build configuration list for PBXNativeTarget "LicentaUITests" */ = {
			isa = XCConfigurationList;
			buildConfigurations = (
				9546AF172D921FA600ED8BD8 /* Debug */,
				9546AF182D921FA600ED8BD8 /* Release */,
			);
			defaultConfigurationIsVisible = 0;
			defaultConfigurationName = Release;
		};
/* End XCConfigurationList section */

/* Begin XCVersionGroup section */
		9546AEEF2D921FA200ED8BD8 /* Licenta.xcdatamodeld */ = {
			isa = XCVersionGroup;
			children = (
				9546AEF02D921FA200ED8BD8 /* Licenta.xcdatamodel */,
			);
			currentVersion = 9546AEF02D921FA200ED8BD8 /* Licenta.xcdatamodel */;
			path = Licenta.xcdatamodeld;
			sourceTree = "<group>";
			versionGroupType = wrapper.xcdatamodel;
		};
/* End XCVersionGroup section */
	};
	rootObject = 9546AEDB2D921FA200ED8BD8 /* Project object */;
}
